
Microsoft Visual Studio Solution File, Format Version 12.00
# Visual Studio Version 16
VisualStudioVersion = 16.0.31424.327
MinimumVisualStudioVersion = 10.0.40219.1
Project("{FAE04EC0-301F-11D3-BF4B-00C04F79EFBC}") = "DBelign", "DBelign\DBelign.csproj", "{D5097211-0142-4157-93E3-A0736B72CC78}"
EndProject
Global
	GlobalSection(SolutionConfigurationPlatforms) = preSolution
		Debug|Any CPU = Debug|Any CPU
		Release|Any CPU = Release|Any CPU
	EndGlobalSection
	GlobalSection(ProjectConfigurationPlatforms) = postSolution
		{D5097211-0142-4157-93E3-A0736B72CC78}.Debug|Any CPU.ActiveCfg = Debug|Any CPU
		{D5097211-0142-4157-93E3-A0736B72CC78}.Debug|Any CPU.Build.0 = Debug|Any CPU
		{D5097211-0142-4157-93E3-A0736B72CC78}.Release|Any CPU.ActiveCfg = Release|Any CPU
		{D5097211-0142-4157-93E3-A0736B72CC78}.Release|Any CPU.Build.0 = Release|Any CPU
	EndGlobalSection
	GlobalSection(SolutionProperties) = preSolution
		HideSolutionNode = FALSE
	EndGlobalSection
	GlobalSection(ExtensibilityGlobals) = postSolution
		SolutionGuid = {57C41432-BE4F-49AD-8CAF-521C0495DFA0}
	EndGlobalSection
EndGlobal
